Microsoft Visual Studio Solution File, Format Version 12.00
# Visual Studio Version 17
VisualStudioVersion = 17.5.2.0
MinimumVisualStudioVersion = 10.0.40219.1
Project("{FAE04EC0-301F-11D3-BF4B-00C04F79EFBC}") = "CalqFramework.Stableflow", "CalqFramework.Stableflow.csproj", "{BC6BF030-1212-74CC-0856-D115F000A81A}"
EndProject
Global
	GlobalSection(SolutionConfigurationPlatforms) = preSolution
		Debug|Any CPU = Debug|Any CPU
		Release|Any CPU = Release|Any CPU
	EndGlobalSection
	GlobalSection(ProjectConfigurationPlatforms) = postSolution
		{BC6BF030-1212-74CC-0856-D115F000A81A}.Debug|Any CPU.ActiveCfg = Debug|Any CPU
		{BC6BF030-1212-74CC-0856-D115F000A81A}.Debug|Any CPU.Build.0 = Debug|Any CPU
		{BC6BF030-1212-74CC-0856-D115F000A81A}.Release|Any CPU.ActiveCfg = Release|Any CPU
		{BC6BF030-1212-74CC-0856-D115F000A81A}.Release|Any CPU.Build.0 = Release|Any CPU
	EndGlobalSection
	GlobalSection(SolutionProperties) = preSolution
		HideSolutionNode = FALSE
	EndGlobalSection
	GlobalSection(ExtensibilityGlobals) = postSolution
		SolutionGuid = {D0518EB2-C27E-4A9A-B54A-8FEF8FAFB997}
	EndGlobalSection
EndGlobal
