{
  "version": 1,
  "dependencies": {
    "net9.0": {
      "CalqFramework.Cli": {
        "type": "Direct",
        "requested": "[0.*, )",
        "resolved": "0.46.4",
        "contentHash": "1+hgmVa6ylic7gywu+r6leF7L9StTuZb8rUI2R9xW7kWjH57lSvV9b4A2iqXszQRM3j6WAWgExbfv1yyqVtWPA==",
        "dependencies": {
          "CalqFramework.DataAccess": "0.46.4"
        }
      },
      "CalqFramework.Cmd": {
        "type": "Direct",
        "requested": "[0.*, )",
        "resolved": "0.14.2",
        "contentHash": "2psAIaoIOCxHBjXvmGMRsHegcbgcyykf12fAA9IwCqybj+QLJy0tAtqBQ8Jtr9YcSaGDOX8iqHdawWBRL7BoeQ=="
      },
      "NuGet.Configuration": {
        "type": "Direct",
        "requested": "[6.13.1, )",
        "resolved": "6.13.1",
        "contentHash": "jw6wvfdoA8IvZhhBx+yEe997nzfpF4uE6Zq4sQTwJ0jaukEKSYlM/AoUUsZIdYCw9MkYlpdo69qWRMf3WnSCQQ==",
        "dependencies": {
          "NuGet.Common": "6.13.1",
          "System.Security.Cryptography.ProtectedData": "4.4.0"
        }
      },
      "System.Reflection.MetadataLoadContext": {
        "type": "Direct",
        "requested": "[9.0.2, )",
        "resolved": "9.0.2",
        "contentHash": "7Pz4KaF7lLVu3I09DP3PlVEgyTp401hWq5BkX8qRU9zlS8FZEFEsjOlLsd1+Adx8vQyeXq8oBSIuHCSxHqpY3A=="
      },
      "CalqFramework.DataAccess": {
        "type": "Transitive",
        "resolved": "0.46.4",
        "contentHash": "kWlmWLtUnOIlEnXIIAI4qt/fItVyjlau8/7eR5FI2nvPAOBtuzAeqgKmtYc9fyRxo/rSLbhJ0x1U31Xj+/LONg=="
      },
      "NuGet.Common": {
        "type": "Transitive",
        "resolved": "6.13.1",
        "contentHash": "W3AdCslzmjRqTKAzcAf+EDhxkFjEwVdj5bkBkWlsqqgn9svLSno/JhTWxTEDggW/ju5fFoEpSDr9NyEnSw8sZw==",
        "dependencies": {
          "NuGet.Frameworks": "6.13.1",
          "System.Collections.Immutable": "8.0.0"
        }
      },
      "NuGet.Frameworks": {
        "type": "Transitive",
        "resolved": "6.13.1",
        "contentHash": "KvfijSQRsKFhuAuoZxs/zp3QlD92ZLhXTMzLfYAgu6Ir6gLtfpRgC16u3/rvfzbTvbVYgI90A0EAb3e99hnyEg=="
      },
      "System.Collections.Immutable": {
        "type": "Transitive",
        "resolved": "8.0.0",
        "contentHash": "AurL6Y5BA1WotzlEvVaIDpqzpIPvYnnldxru8oXJU2yFxFUy3+pNXjXd1ymO+RA0rq0+590Q8gaz2l3Sr7fmqg=="
      },
      "System.Security.Cryptography.ProtectedData": {
        "type": "Transitive",
        "resolved": "4.4.0",
        "contentHash": "cJV7ScGW7EhatRsjehfvvYVBvtiSMKgN8bOVI0bQhnF5bU7vnHVIsH49Kva7i7GWaWYvmEzkYVk1TC+gZYBEog=="
      }
    }
  }
}