{
  "version": 1,
  "dependencies": {
    "net7.0": {
      "CalqFramework.Terminal": {
        "type": "Direct",
        "requested": "[0.*, )",
        "resolved": "0.3.0",
        "contentHash": "nZ1NQpXg20+1eUpC2rykcxRlkXZyC2lcrLA47EuaAybDd73Nosc/1u/YI6mw5TcRJ/2YynzjQyW58JIvPfrKYA=="
      },
      "Ghbvft6.Calq.Tooler": {
        "type": "Direct",
        "requested": "[0.*, )",
        "resolved": "0.1.7",
        "contentHash": "7cq2yhl4eAEMcbiEMBpz3cO8tzxX5h+HcOACMgj/iFdVcEe4AMA1vYFp53HqNiTW/I4mpcXJ6o9qCeKGmaJ6Mw==",
        "dependencies": {
          "Ghbvft6.Calq.Options": "0.1.0"
        }
      },
      "Ghbvft6.Calq.Options": {
        "type": "Transitive",
        "resolved": "0.1.0",
        "contentHash": "OeVKO71pZY7z0BCzbfvMAc1Y0Bubyu2uDh149SZkng/9ZxyMKfoNUdSbPTewkyCGlUtVJrONISt3EF40SlMgMQ=="
      }
    }
  }
}